
Microsoft Visual Studio Solution File, Format Version 12.00
# Visual Studio Version 17
VisualStudioVersion = 17.4.33213.308
MinimumVisualStudioVersion = 10.0.40219.1
Project("{FAE04EC0-301F-11D3-BF4B-00C04F79EFBC}") = "helper-api-dotnet-o5", "helper-api-dotnet-o5.csproj", "{E19DD487-A8FB-454A-9B86-B4E26C8F2C8D}"
EndProject
Global
	GlobalSection(SolutionConfigurationPlatforms) = preSolution
		Debug|Any CPU = Debug|Any CPU
		Release|Any CPU = Release|Any CPU
	EndGlobalSection
	GlobalSection(ProjectConfigurationPlatforms) = postSolution
		{E19DD487-A8FB-454A-9B86-B4E26C8F2C8D}.Debug|Any CPU.ActiveCfg = Debug|Any CPU
		{E19DD487-A8FB-454A-9B86-B4E26C8F2C8D}.Debug|Any CPU.Build.0 = Debug|Any CPU
		{E19DD487-A8FB-454A-9B86-B4E26C8F2C8D}.Release|Any CPU.ActiveCfg = Release|Any CPU
		{E19DD487-A8FB-454A-9B86-B4E26C8F2C8D}.Release|Any CPU.Build.0 = Release|Any CPU
	EndGlobalSection
	GlobalSection(SolutionProperties) = preSolution
		HideSolutionNode = FALSE
	EndGlobalSection
	GlobalSection(ExtensibilityGlobals) = postSolution
		SolutionGuid = {81224A25-7AEF-4137-BE35-CCF5E6FA447B}
	EndGlobalSection
EndGlobal
